{
  "requires": true,
  "lockfileVersion": 1,
  "dependencies": {
    "@kolkov/ngx-gallery": {
      "version": "1.2.3",
      "resolved": "https://registry.npmjs.org/@kolkov/ngx-gallery/-/ngx-gallery-1.2.3.tgz",
      "integrity": "sha512-Dpnhwq3DGPSXrNt65gexo+/Smb2L0bne14A0WONN04+racETtcY33fqFvNWfRw5Nvk2Eza+sq95eEA0NbgF/6g=="
    },
    "ngx-gallery-9": {
      "version": "1.0.6",
      "resolved": "https://registry.npmjs.org/ngx-gallery-9/-/ngx-gallery-9-1.0.6.tgz",
      "integrity": "sha512-+l8QSZi2D37wZct7ZduTqzXMeEAg3zbazyi3sdMlU7oYZ7n8ai7xjC/rN5QTT/w1gwx85LtAonV9RnNFPHGbuw=="
    }
  }
}
